
Microsoft Visual Studio Solution File, Format Version 12.00
# Visual Studio 15
VisualStudioVersion = 15.0.28307.902
MinimumVisualStudioVersion = 10.0.40219.1
Project("{FAE04EC0-301F-11D3-BF4B-00C04F79EFBC}") = "BigBlueBox3.0", "BigBlueBox3.0\BigBlueBox3.0.csproj", "{298C3B39-40B7-4A7D-ABA8-59D574D1D439}"
EndProject
Global
	GlobalSection(SolutionConfigurationPlatforms) = preSolution
		Debug|Any CPU = Debug|Any CPU
		Release|Any CPU = Release|Any CPU
	EndGlobalSection
	GlobalSection(ProjectConfigurationPlatforms) = postSolution
		{298C3B39-40B7-4A7D-ABA8-59D574D1D439}.Debug|Any CPU.ActiveCfg = Debug|Any CPU
		{298C3B39-40B7-4A7D-ABA8-59D574D1D439}.Debug|Any CPU.Build.0 = Debug|Any CPU
		{298C3B39-40B7-4A7D-ABA8-59D574D1D439}.Release|Any CPU.ActiveCfg = Release|Any CPU
		{298C3B39-40B7-4A7D-ABA8-59D574D1D439}.Release|Any CPU.Build.0 = Release|Any CPU
	EndGlobalSection
	GlobalSection(SolutionProperties) = preSolution
		HideSolutionNode = FALSE
	EndGlobalSection
	GlobalSection(ExtensibilityGlobals) = postSolution
		SolutionGuid = {2A12D696-B0EC-46F6-BB77-C2F9AE1FE863}
	EndGlobalSection
EndGlobal
